// !$*UTF8*$!
{
	archiveVersion = 1;
	classes = {
	};
	objectVersion = 55;
	objects = {

/* Begin PBXBuildFile section */
		2447FAAE293227FC00F36441 /* LoginView.swift in Sources */ = {isa = PBXBuildFile; fileRef = 2447FAAD293227FB00F36441 /* LoginView.swift */; };
		2447FAB02932648100F36441 /* ProfessorLessonView.swift in Sources */ = {isa = PBXBuildFile; fileRef = 2447FAAF2932648100F36441 /* ProfessorLessonView.swift */; };
		247CA6872930DFFD007EA028 /* QQQ_iOSApp.swift in Sources */ = {isa = PBXBuildFile; fileRef = 247CA6862930DFFD007EA028 /* QQQ_iOSApp.swift */; };
		247CA68B2930DFFE007EA028 /* Assets.xcassets in Resources */ = {isa = PBXBuildFile; fileRef = 247CA68A2930DFFE007EA028 /* Assets.xcassets */; };
		247CA68E2930DFFE007EA028 /* Preview Assets.xcassets in Resources */ = {isa = PBXBuildFile; fileRef = 247CA68D2930DFFE007EA028 /* Preview Assets.xcassets */; };
		247CA69729311056007EA028 /* RsvpView.swift in Sources */ = {isa = PBXBuildFile; fileRef = 247CA69629311056007EA028 /* RsvpView.swift */; };
		24E26E092931130A004A2B17 /* Prism in Frameworks */ = {isa = PBXBuildFile; productRef = 24E26E082931130A004A2B17 /* Prism */; };
		24E26E0B29312260004A2B17 /* InvolmentTestView.swift in Sources */ = {isa = PBXBuildFile; fileRef = 24E26E0A29312260004A2B17 /* InvolmentTestView.swift */; };
		24E26E0D29312270004A2B17 /* SessionConfiguration.swift in Sources */ = {isa = PBXBuildFile; fileRef = 24E26E0C29312270004A2B17 /* SessionConfiguration.swift */; };
		24E26E1029312C9C004A2B17 /* API.swift in Sources */ = {isa = PBXBuildFile; fileRef = 24E26E0F29312C9C004A2B17 /* API.swift */; };
/* End PBXBuildFile section */

/* Begin PBXFileReference section */
		2447FAAD293227FB00F36441 /* LoginView.swift */ = {isa = PBXFileReference; lastKnownFileType = sourcecode.swift; path = LoginView.swift; sourceTree = "<group>"; };
		2447FAAF2932648100F36441 /* ProfessorLessonView.swift */ = {isa = PBXFileReference; lastKnownFileType = sourcecode.swift; path = ProfessorLessonView.swift; sourceTree = "<group>"; };
		247CA6832930DFFD007EA028 /* QQQ-iOS.app */ = {isa = PBXFileReference; explicitFileType = wrapper.application; includeInIndex = 0; path = "QQQ-iOS.app"; sourceTree = BUILT_PRODUCTS_DIR; };
		247CA6862930DFFD007EA028 /* QQQ_iOSApp.swift */ = {isa = PBXFileReference; lastKnownFileType = sourcecode.swift; path = QQQ_iOSApp.swift; sourceTree = "<group>"; };
		247CA68A2930DFFE007EA028 /* Assets.xcassets */ = {isa = PBXFileReference; lastKnownFileType = folder.assetcatalog; path = Assets.xcassets; sourceTree = "<group>"; };
		247CA68D2930DFFE007EA028 /* Preview Assets.xcassets */ = {isa = PBXFileReference; lastKnownFileType = folder.assetcatalog; path = "Preview Assets.xcassets"; sourceTree = "<group>"; };
		247CA69629311056007EA028 /* RsvpView.swift */ = {isa = PBXFileReference; lastKnownFileType = sourcecode.swift; path = RsvpView.swift; sourceTree = "<group>"; };
		247CA69929311175007EA028 /* Prism */ = {isa = PBXFileReference; lastKnownFileType = wrapper; name = Prism; path = ../../../Prism; sourceTree = "<group>"; };
		24E26E0A29312260004A2B17 /* InvolmentTestView.swift */ = {isa = PBXFileReference; lastKnownFileType = sourcecode.swift; path = InvolmentTestView.swift; sourceTree = "<group>"; };
		24E26E0C29312270004A2B17 /* SessionConfiguration.swift */ = {isa = PBXFileReference; lastKnownFileType = sourcecode.swift; path = SessionConfiguration.swift; sourceTree = "<group>"; };
		24E26E0E293125E4004A2B17 /* Info.plist */ = {isa = PBXFileReference; lastKnownFileType = text.plist; path = Info.plist; sourceTree = "<group>"; };
		24E26E0F29312C9C004A2B17 /* API.swift */ = {isa = PBXFileReference; lastKnownFileType = sourcecode.swift; path = API.swift; sourceTree = "<group>"; };
/* End PBXFileReference section */

/* Begin PBXFrameworksBuildPhase section */
		247CA6802930DFFD007EA028 /* Frameworks */ = {
			isa = PBXFrameworksBuildPhase;
			buildActionMask = 2147483647;
			files = (
				24E26E092931130A004A2B17 /* Prism in Frameworks */,
			);
			runOnlyForDeploymentPostprocessing = 0;
		};
/* End PBXFrameworksBuildPhase section */

/* Begin PBXGroup section */
		247CA67A2930DFFD007EA028 = {
			isa = PBXGroup;
			children = (
				247CA69829311175007EA028 /* Packages */,
				247CA6852930DFFD007EA028 /* QQQ-iOS */,
				247CA6842930DFFD007EA028 /* Products */,
				24E26E07293112FE004A2B17 /* Frameworks */,
			);
			sourceTree = "<group>";
		};
		247CA6842930DFFD007EA028 /* Products */ = {
			isa = PBXGroup;
			children = (
				247CA6832930DFFD007EA028 /* QQQ-iOS.app */,
			);
			name = Products;
			sourceTree = "<group>";
		};
		247CA6852930DFFD007EA028 /* QQQ-iOS */ = {
			isa = PBXGroup;
			children = (
				24E26E0E293125E4004A2B17 /* Info.plist */,
				247CA6952930E039007EA028 /* Source */,
				247CA68A2930DFFE007EA028 /* Assets.xcassets */,
				247CA68C2930DFFE007EA028 /* Preview Content */,
			);
			path = "QQQ-iOS";
			sourceTree = "<group>";
		};
		247CA68C2930DFFE007EA028 /* Preview Content */ = {
			isa = PBXGroup;
			children = (
				247CA68D2930DFFE007EA028 /* Preview Assets.xcassets */,
			);
			path = "Preview Content";
			sourceTree = "<group>";
		};
		247CA6952930E039007EA028 /* Source */ = {
			isa = PBXGroup;
			children = (
				247CA6862930DFFD007EA028 /* QQQ_iOSApp.swift */,
				247CA69629311056007EA028 /* RsvpView.swift */,
				2447FAAF2932648100F36441 /* ProfessorLessonView.swift */,
				2447FAAD293227FB00F36441 /* LoginView.swift */,
				24E26E0A29312260004A2B17 /* InvolmentTestView.swift */,
				24E26E0C29312270004A2B17 /* SessionConfiguration.swift */,
				24E26E0F29312C9C004A2B17 /* API.swift */,
			);
			path = Source;
			sourceTree = "<group>";
		};
		247CA69829311175007EA028 /* Packages */ = {
			isa = PBXGroup;
			children = (
				247CA69929311175007EA028 /* Prism */,
			);
			name = Packages;
			sourceTree = "<group>";
		};
		24E26E07293112FE004A2B17 /* Frameworks */ = {
			isa = PBXGroup;
			children = (
			);
			name = Frameworks;
			sourceTree = "<group>";
		};
/* End PBXGroup section */

/* Begin PBXNativeTarget section */
		247CA6822930DFFD007EA028 /* QQQ-iOS */ = {
			isa = PBXNativeTarget;
			buildConfigurationList = 247CA6912930DFFE007EA028 /* Build configuration list for PBXNativeTarget "QQQ-iOS" */;
			buildPhases = (
				247CA67F2930DFFD007EA028 /* Sources */,
				247CA6802930DFFD007EA028 /* Frameworks */,
				247CA6812930DFFD007EA028 /* Resources */,
			);
			buildRules = (
			);
			dependencies = (
			);
			name = "QQQ-iOS";
			packageProductDependencies = (
				24E26E082931130A004A2B17 /* Prism */,
			);
			productName = "QQQ-iOS";
			productReference = 247CA6832930DFFD007EA028 /* QQQ-iOS.app */;
			productType = "com.apple.product-type.application";
		};
/* End PBXNativeTarget section */

/* Begin PBXProject section */
		247CA67B2930DFFD007EA028 /* Project object */ = {
			isa = PBXProject;
			attributes = {
				BuildIndependentTargetsInParallel = 1;
				LastSwiftUpdateCheck = 1410;
				LastUpgradeCheck = 1410;
				TargetAttributes = {
					247CA6822930DFFD007EA028 = {
						CreatedOnToolsVersion = 14.1;
					};
				};
			};
			buildConfigurationList = 247CA67E2930DFFD007EA028 /* Build configuration list for PBXProject "QQQ-iOS" */;
			compatibilityVersion = "Xcode 13.0";
			developmentRegion = en;
			hasScannedForEncodings = 0;
			knownRegions = (
				en,
				Base,
			);
			mainGroup = 247CA67A2930DFFD007EA028;
			productRefGroup = 247CA6842930DFFD007EA028 /* Products */;
			projectDirPath = "";
			projectRoot = "";
			targets = (
				247CA6822930DFFD007EA028 /* QQQ-iOS */,
			);
		};
/* End PBXProject section */

/* Begin PBXResourcesBuildPhase section */
		247CA6812930DFFD007EA028 /* Resources */ = {
			isa = PBXResourcesBuildPhase;
			buildActionMask = 2147483647;
			files = (
				247CA68E2930DFFE007EA028 /* Preview Assets.xcassets in Resources */,
				247CA68B2930DFFE007EA028 /* Assets.xcassets in Resources */,
			);
			runOnlyForDeploymentPostprocessing = 0;
		};
/* End PBXResourcesBuildPhase section */

/* Begin PBXSourcesBuildPhase section */
		247CA67F2930DFFD007EA028 /* Sources */ = {
			isa = PBXSourcesBuildPhase;
			buildActionMask = 2147483647;
			files = (
				2447FAAE293227FC00F36441 /* LoginView.swift in Sources */,
				24E26E0B29312260004A2B17 /* InvolmentTestView.swift in Sources */,
				247CA6872930DFFD007EA028 /* QQQ_iOSApp.swift in Sources */,
				247CA69729311056007EA028 /* RsvpView.swift in Sources */,
				24E26E0D29312270004A2B17 /* SessionConfiguration.swift in Sources */,
				2447FAB02932648100F36441 /* ProfessorLessonView.swift in Sources */,
				24E26E1029312C9C004A2B17 /* API.swift in Sources */,
			);
			runOnlyForDeploymentPostprocessing = 0;
		};
/* End PBXSourcesBuildPhase section */

/* Begin XCBuildConfiguration section */
		247CA68F2930DFFE007EA028 /* Debug */ = {
			isa = XCBuildConfiguration;
			buildSettings = {
				ALWAYS_SEARCH_USER_PATHS = NO;
				CLANG_ANALYZER_NONNULL = YES;
				CLANG_ANALYZER_NUMBER_OBJECT_CONVERSION = YES_AGGRESSIVE;
				CLANG_CXX_LANGUAGE_STANDARD = "gnu++20";
				CLANG_ENABLE_MODULES = YES;
				CLANG_ENABLE_OBJC_ARC = YES;
				CLANG_ENABLE_OBJC_WEAK = YES;
				CLANG_WARN_BLOCK_CAPTURE_AUTORELEASING = YES;
				CLANG_WARN_BOOL_CONVERSION = YES;
				CLANG_WARN_COMMA = YES;
				CLANG_WARN_CONSTANT_CONVERSION = YES;
				CLANG_WARN_DEPRECATED_OBJC_IMPLEMENTATIONS = YES;
				CLANG_WARN_DIRECT_OBJC_ISA_USAGE = YES_ERROR;
				CLANG_WARN_DOCUMENTATION_COMMENTS = YES;
				CLANG_WARN_EMPTY_BODY = YES;
				CLANG_WARN_ENUM_CONVERSION = YES;
				CLANG_WARN_INFINITE_RECURSION = YES;
				CLANG_WARN_INT_CONVERSION = YES;
				CLANG_WARN_NON_LITERAL_NULL_CONVERSION = YES;
				CLANG_WARN_OBJC_IMPLICIT_RETAIN_SELF = YES;
				CLANG_WARN_OBJC_LITERAL_CONVERSION = YES;
				CLANG_WARN_OBJC_ROOT_CLASS = YES_ERROR;
				CLANG_WARN_QUOTED_INCLUDE_IN_FRAMEWORK_HEADER = YES;
				CLANG_WARN_RANGE_LOOP_ANALYSIS = YES;
				CLANG_WARN_STRICT_PROTOTYPES = YES;
				CLANG_WARN_SUSPICIOUS_MOVE = YES;
				CLANG_WARN_UNGUARDED_AVAILABILITY = YES_AGGRESSIVE;
				CLANG_WARN_UNREACHABLE_CODE = YES;
				CLANG_WARN__DUPLICATE_METHOD_MATCH = YES;
				COPY_PHASE_STRIP = NO;
				DEBUG_INFORMATION_FORMAT = dwarf;
				ENABLE_STRICT_OBJC_MSGSEND = YES;
				ENABLE_TESTABILITY = YES;
				GCC_C_LANGUAGE_STANDARD = gnu11;
				GCC_DYNAMIC_NO_PIC = NO;
				GCC_NO_COMMON_BLOCKS = YES;
				GCC_OPTIMIZATION_LEVEL = 0;
				GCC_PREPROCESSOR_DEFINITIONS = (
					"DEBUG=1",
					"$(inherited)",
				);
				GCC_WARN_64_TO_32_BIT_CONVERSION = YES;
				GCC_WARN_ABOUT_RETURN_TYPE = YES_ERROR;
				GCC_WARN_UNDECLARED_SELECTOR = YES;
				GCC_WARN_UNINITIALIZED_AUTOS = YES_AGGRESSIVE;
				GCC_WARN_UNUSED_FUNCTION = YES;
				GCC_WARN_UNUSED_VARIABLE = YES;
				IPHONEOS_DEPLOYMENT_TARGET = 16.1;
				MTL_ENABLE_DEBUG_INFO = INCLUDE_SOURCE;
				MTL_FAST_MATH = YES;
				ONLY_ACTIVE_ARCH = YES;
				SDKROOT = iphoneos;
				SWIFT_ACTIVE_COMPILATION_CONDITIONS = DEBUG;
				SWIFT_OPTIMIZATION_LEVEL = "-Onone";
			};
			name = Debug;
		};
		247CA6902930DFFE007EA028 /* Release */ = {
			isa = XCBuildConfiguration;
			buildSettings = {
				ALWAYS_SEARCH_USER_PATHS = NO;
				CLANG_ANALYZER_NONNULL = YES;
				CLANG_ANALYZER_NUMBER_OBJECT_CONVERSION = YES_AGGRESSIVE;
				CLANG_CXX_LANGUAGE_STANDARD = "gnu++20";
				CLANG_ENABLE_MODULES = YES;
				CLANG_ENABLE_OBJC_ARC = YES;
				CLANG_ENABLE_OBJC_WEAK = YES;
				CLANG_WARN_BLOCK_CAPTURE_AUTORELEASING = YES;
				CLANG_WARN_BOOL_CONVERSION = YES;
				CLANG_WARN_COMMA = YES;
				CLANG_WARN_CONSTANT_CONVERSION = YES;
				CLANG_WARN_DEPRECATED_OBJC_IMPLEMENTATIONS = YES;
				CLANG_WARN_DIRECT_OBJC_ISA_USAGE = YES_ERROR;
				CLANG_WARN_DOCUMENTATION_COMMENTS = YES;
				CLANG_WARN_EMPTY_BODY = YES;
				CLANG_WARN_ENUM_CONVERSION = YES;
				CLANG_WARN_INFINITE_RECURSION = YES;
				CLANG_WARN_INT_CONVERSION = YES;
				CLANG_WARN_NON_LITERAL_NULL_CONVERSION = YES;
				CLANG_WARN_OBJC_IMPLICIT_RETAIN_SELF = YES;
				CLANG_WARN_OBJC_LITERAL_CONVERSION = YES;
				CLANG_WARN_OBJC_ROOT_CLASS = YES_ERROR;
				CLANG_WARN_QUOTED_INCLUDE_IN_FRAMEWORK_HEADER = YES;
				CLANG_WARN_RANGE_LOOP_ANALYSIS = YES;
				CLANG_WARN_STRICT_PROTOTYPES = YES;
				CLANG_WARN_SUSPICIOUS_MOVE = YES;
				CLANG_WARN_UNGUARDED_AVAILABILITY = YES_AGGRESSIVE;
				CLANG_WARN_UNREACHABLE_CODE = YES;
				CLANG_WARN__DUPLICATE_METHOD_MATCH = YES;
				COPY_PHASE_STRIP = NO;
				DEBUG_INFORMATION_FORMAT = "dwarf-with-dsym";
				ENABLE_NS_ASSERTIONS = NO;
				ENABLE_STRICT_OBJC_MSGSEND = YES;
				GCC_C_LANGUAGE_STANDARD = gnu11;
				GCC_NO_COMMON_BLOCKS = YES;
				GCC_WARN_64_TO_32_BIT_CONVERSION = YES;
				GCC_WARN_ABOUT_RETURN_TYPE = YES_ERROR;
				GCC_WARN_UNDECLARED_SELECTOR = YES;
				GCC_WARN_UNINITIALIZED_AUTOS = YES_AGGRESSIVE;
				GCC_WARN_UNUSED_FUNCTION = YES;
				GCC_WARN_UNUSED_VARIABLE = YES;
				IPHONEOS_DEPLOYMENT_TARGET = 16.1;
				MTL_ENABLE_DEBUG_INFO = NO;
				MTL_FAST_MATH = YES;
				SDKROOT = iphoneos;
				SWIFT_COMPILATION_MODE = wholemodule;
				SWIFT_OPTIMIZATION_LEVEL = "-O";
				VALIDATE_PRODUCT = YES;
			};
			name = Release;
		};
		247CA6922930DFFE007EA028 /* Debug */ = {
			isa = XCBuildConfiguration;
			buildSettings = {
				ASSETCATALOG_COMPILER_APPICON_NAME = AppIcon;
				ASSETCATALOG_COMPILER_GLOBAL_ACCENT_COLOR_NAME = AccentColor;
				CODE_SIGN_STYLE = Automatic;
				CURRENT_PROJECT_VERSION = 1;
				DEVELOPMENT_ASSET_PATHS = "\"QQQ-iOS/Preview Content\"";
				DEVELOPMENT_TEAM = PX6H7JE9C9;
				ENABLE_PREVIEWS = YES;
				GENERATE_INFOPLIST_FILE = YES;
				INFOPLIST_FILE = "QQQ-iOS/Info.plist";
				INFOPLIST_KEY_UIApplicationSceneManifest_Generation = YES;
				INFOPLIST_KEY_UIApplicationSupportsIndirectInputEvents = YES;
				INFOPLIST_KEY_UILaunchScreen_Generation = YES;
				INFOPLIST_KEY_UISupportedInterfaceOrientations_iPad = "UIInterfaceOrientationPortrait UIInterfaceOrientationPortraitUpsideDown UIInterfaceOrientationLandscapeLeft UIInterfaceOrientationLandscapeRight";
				INFOPLIST_KEY_UISupportedInterfaceOrientations_iPhone = "UIInterfaceOrientationPortrait UIInterfaceOrientationLandscapeLeft UIInterfaceOrientationLandscapeRight";
				IPHONEOS_DEPLOYMENT_TARGET = 15.0;
				LD_RUNPATH_SEARCH_PATHS = (
					"$(inherited)",
					"@executable_path/Frameworks",
				);
				MARKETING_VERSION = 1.0;
				PRODUCT_BUNDLE_IDENTIFIER = "com.umrellait.reserved3.QQQ-iOS";
				PRODUCT_NAME = "$(TARGET_NAME)";
				SWIFT_EMIT_LOC_STRINGS = YES;
				SWIFT_VERSION = 5.0;
				TARGETED_DEVICE_FAMILY = "1,2";
			};
			name = Debug;
		};
		247CA6932930DFFE007EA028 /* Release */ = {
			isa = XCBuildConfiguration;
			buildSettings = {
				ASSETCATALOG_COMPILER_APPICON_NAME = AppIcon;
				ASSETCATALOG_COMPILER_GLOBAL_ACCENT_COLOR_NAME = AccentColor;
				CODE_SIGN_STYLE = Automatic;
				CURRENT_PROJECT_VERSION = 1;
				DEVELOPMENT_ASSET_PATHS = "\"QQQ-iOS/Preview Content\"";
				DEVELOPMENT_TEAM = PX6H7JE9C9;
				ENABLE_PREVIEWS = YES;
				GENERATE_INFOPLIST_FILE = YES;
				INFOPLIST_FILE = "QQQ-iOS/Info.plist";
				INFOPLIST_KEY_UIApplicationSceneManifest_Generation = YES;
				INFOPLIST_KEY_UIApplicationSupportsIndirectInputEvents = YES;
				INFOPLIST_KEY_UILaunchScreen_Generation = YES;
				INFOPLIST_KEY_UISupportedInterfaceOrientations_iPad = "UIInterfaceOrientationPortrait UIInterfaceOrientationPortraitUpsideDown UIInterfaceOrientationLandscapeLeft UIInterfaceOrientationLandscapeRight";
				INFOPLIST_KEY_UISupportedInterfaceOrientations_iPhone = "UIInterfaceOrientationPortrait UIInterfaceOrientationLandscapeLeft UIInterfaceOrientationLandscapeRight";
				IPHONEOS_DEPLOYMENT_TARGET = 15.0;
				LD_RUNPATH_SEARCH_PATHS = (
					"$(inherited)",
					"@executable_path/Frameworks",
				);
				MARKETING_VERSION = 1.0;
				PRODUCT_BUNDLE_IDENTIFIER = "com.umrellait.reserved3.QQQ-iOS";
				PRODUCT_NAME = "$(TARGET_NAME)";
				SWIFT_EMIT_LOC_STRINGS = YES;
				SWIFT_VERSION = 5.0;
				TARGETED_DEVICE_FAMILY = "1,2";
			};
			name = Release;
		};
/* End XCBuildConfiguration section */

/* Begin XCConfigurationList section */
		247CA67E2930DFFD007EA028 /* Build configuration list for PBXProject "QQQ-iOS" */ = {
			isa = XCConfigurationList;
			buildConfigurations = (
				247CA68F2930DFFE007EA028 /* Debug */,
				247CA6902930DFFE007EA028 /* Release */,
			);
			defaultConfigurationIsVisible = 0;
			defaultConfigurationName = Release;
		};
		247CA6912930DFFE007EA028 /* Build configuration list for PBXNativeTarget "QQQ-iOS" */ = {
			isa = XCConfigurationList;
			buildConfigurations = (
				247CA6922930DFFE007EA028 /* Debug */,
				247CA6932930DFFE007EA028 /* Release */,
			);
			defaultConfigurationIsVisible = 0;
			defaultConfigurationName = Release;
		};
/* End XCConfigurationList section */

/* Begin XCSwiftPackageProductDependency section */
		24E26E082931130A004A2B17 /* Prism */ = {
			isa = XCSwiftPackageProductDependency;
			productName = Prism;
		};
/* End XCSwiftPackageProductDependency section */
	};
	rootObject = 247CA67B2930DFFD007EA028 /* Project object */;
}
